PODS:
  - Alamofire (4.7.1)
  - SwiftLint (0.25.0)
  - SWXMLHash (4.0.0)

DEPENDENCIES:
  - Alamofire
  - SwiftLint
  - SWXMLHash (~> 4.0.0)

SPEC REPOS:
  https://github.com/CocoaPods/Specs.git:
    - Alamofire
    - SwiftLint
    - SWXMLHash

SPEC CHECKSUMS:
  Alamofire: 68d7d521118d49c615a8d2214d87cdf525599d30
  SwiftLint: e14651157288e9e01d6e1a71db7014fb5744a8ea
  SWXMLHash: 6bbc0bf72975a18ceda469fb7d6a886a26d81694

PODFILE CHECKSUM: 646269dca6cfa9e3f78415f8fb20f34efe6b6281

COCOAPODS: 1.5.0.beta.1
